// !$*UTF8*$!
{
	archiveVersion = 1;
	classes = {
	};
	objectVersion = 46;
	objects = {

/* Begin PBXBuildFile section */
		13146B5E1F3CBB76003F00BA /* main.m in Sources */ = {isa = PBXBuildFile; fileRef = 13146B5D1F3CBB75003F00BA /* main.m */; };
		13146B611F3CBB76003F00BA /* AppDelegate.m in Sources */ = {isa = PBXBuildFile; fileRef = 13146B601F3CBB76003F00BA /* AppDelegate.m */; };
		13146B671F3CBB76003F00BA /* Main.storyboard in Resources */ = {isa = PBXBuildFile; fileRef = 13146B651F3CBB76003F00BA /* Main.storyboard */; };
		13146B691F3CBB76003F00BA /* Assets.xcassets in Resources */ = {isa = PBXBuildFile; fileRef = 13146B681F3CBB76003F00BA /* Assets.xcassets */; };
		13146B6C1F3CBB76003F00BA /* LaunchScreen.storyboard in Resources */ = {isa = PBXBuildFile; fileRef = 13146B6A1F3CBB76003F00BA /* LaunchScreen.storyboard */; };
		13146B7A1F3CC2CF003F00BA /* Localizable.strings in Resources */ = {isa = PBXBuildFile; fileRef = 13146B7C1F3CC2CF003F00BA /* Localizable.strings */; };
		13146BAF1F3DD13B003F00BA /* BlueBorderedTextField.m in Sources */ = {isa = PBXBuildFile; fileRef = 13146BAE1F3DD13B003F00BA /* BlueBorderedTextField.m */; };
		13146BB61F3DD4E7003F00BA /* RoundedButton.m in Sources */ = {isa = PBXBuildFile; fileRef = 13146BB51F3DD4E7003F00BA /* RoundedButton.m */; };
		13146BB91F3DD8C5003F00BA /* HomeViewController.m in Sources */ = {isa = PBXBuildFile; fileRef = 13146BB81F3DD8C5003F00BA /* HomeViewController.m */; };
		13146BC61F3DDB6E003F00BA /* movieCollectionViewCell.m in Sources */ = {isa = PBXBuildFile; fileRef = 13146BC51F3DDB6E003F00BA /* movieCollectionViewCell.m */; };
		13146BC91F3DDEF0003F00BA /* BaseViewController.m in Sources */ = {isa = PBXBuildFile; fileRef = 13146BC71F3DDEF0003F00BA /* BaseViewController.m */; };
		13146BCC1F3E2203003F00BA /* WebServiceHelper.m in Sources */ = {isa = PBXBuildFile; fileRef = 13146BCA1F3E2203003F00BA /* WebServiceHelper.m */; };
		13146BD21F3E2F4B003F00BA /* Constants.m in Sources */ = {isa = PBXBuildFile; fileRef = 13146BD11F3E2F4B003F00BA /* Constants.m */; };
		13146BD41F3E364A003F00BA /* MovieDB.m in Sources */ = {isa = PBXBuildFile; fileRef = 13146BD31F3E364A003F00BA /* MovieDB.m */; };
		139201651F3F3F8D0051A81A /* movieDetailViewController.m in Sources */ = {isa = PBXBuildFile; fileRef = 139201641F3F3F8D0051A81A /* movieDetailViewController.m */; };
		99863DFB1F41DA7F00ADEEBD /* Reachability.m in Sources */ = {isa = PBXBuildFile; fileRef = 99863DFA1F41DA7F00ADEEBD /* Reachability.m */; };
		AA555C8DE31A3AEF37A4F92B /* libPods-movieApp.a in Frameworks */ = {isa = PBXBuildFile; fileRef = 4366185D370DACF35206CC62 /* libPods-movieApp.a */; };
/* End PBXBuildFile section */

/* Begin PBXFileReference section */
		13146B591F3CBB75003F00BA /* movieApp.app */ = {isa = PBXFileReference; explicitFileType = wrapper.application; includeInIndex = 0; path = movieApp.app; sourceTree = BUILT_PRODUCTS_DIR; };
		13146B5D1F3CBB75003F00BA /* main.m */ = {isa = PBXFileReference; lastKnownFileType = sourcecode.c.objc; path = main.m; sourceTree = "<group>"; };
		13146B5F1F3CBB76003F00BA /* AppDelegate.h */ = {isa = PBXFileReference; lastKnownFileType = sourcecode.c.h; path = AppDelegate.h; sourceTree = "<group>"; };
		13146B601F3CBB76003F00BA /* AppDelegate.m */ = {isa = PBXFileReference; lastKnownFileType = sourcecode.c.objc; path = AppDelegate.m; sourceTree = "<group>"; };
		13146B661F3CBB76003F00BA /* Base */ = {isa = PBXFileReference; lastKnownFileType = file.storyboard; name = Base; path = Base.lproj/Main.storyboard; sourceTree = "<group>"; };
		13146B681F3CBB76003F00BA /* Assets.xcassets */ = {isa = PBXFileReference; lastKnownFileType = folder.assetcatalog; path = Assets.xcassets; sourceTree = "<group>"; };
		13146B6B1F3CBB76003F00BA /* Base */ = {isa = PBXFileReference; lastKnownFileType = file.storyboard; name = Base; path = Base.lproj/LaunchScreen.storyboard; sourceTree = "<group>"; };
		13146B6D1F3CBB76003F00BA /* Info.plist */ = {isa = PBXFileReference; lastKnownFileType = text.plist.xml; path = Info.plist; sourceTree = "<group>"; };
		13146B7B1F3CC2CF003F00BA /* en */ = {isa = PBXFileReference; lastKnownFileType = text.plist.strings; name = en; path = en.lproj/Localizable.strings; sourceTree = "<group>"; };
		13146BAD1F3DD13B003F00BA /* BlueBorderedTextField.h */ = {isa = PBXFileReference; fileEncoding = 4; lastKnownFileType = sourcecode.c.h; path = BlueBorderedTextField.h; sourceTree = "<group>"; };
		13146BAE1F3DD13B003F00BA /* BlueBorderedTextField.m */ = {isa = PBXFileReference; fileEncoding = 4; lastKnownFileType = sourcecode.c.objc; path = BlueBorderedTextField.m; sourceTree = "<group>"; };
		13146BB01F3DD32D003F00BA /* Colors.h */ = {isa = PBXFileReference; fileEncoding = 4; lastKnownFileType = sourcecode.c.h; path = Colors.h; sourceTree = "<group>"; };
		13146BB31F3DD3B6003F00BA /* PrefixHeader.pch */ = {isa = PBXFileReference; lastKnownFileType = sourcecode.c.h; path = PrefixHeader.pch; sourceTree = "<group>"; };
		13146BB41F3DD4E7003F00BA /* RoundedButton.h */ = {isa = PBXFileReference; fileEncoding = 4; lastKnownFileType = sourcecode.c.h; path = RoundedButton.h; sourceTree = "<group>"; };
		13146BB51F3DD4E7003F00BA /* RoundedButton.m */ = {isa = PBXFileReference; fileEncoding = 4; lastKnownFileType = sourcecode.c.objc; path = RoundedButton.m; sourceTree = "<group>"; };
		13146BB71F3DD8C5003F00BA /* HomeViewController.h */ = {isa = PBXFileReference; fileEncoding = 4; lastKnownFileType = sourcecode.c.h; path = HomeViewController.h; sourceTree = "<group>"; };
		13146BB81F3DD8C5003F00BA /* HomeViewController.m */ = {isa = PBXFileReference; fileEncoding = 4; lastKnownFileType = sourcecode.c.objc; path = HomeViewController.m; sourceTree = "<group>"; };
		13146BC41F3DDB6E003F00BA /* movieCollectionViewCell.h */ = {isa = PBXFileReference; fileEncoding = 4; lastKnownFileType = sourcecode.c.h; path = movieCollectionViewCell.h; sourceTree = "<group>"; };
		13146BC51F3DDB6E003F00BA /* movieCollectionViewCell.m */ = {isa = PBXFileReference; fileEncoding = 4; lastKnownFileType = sourcecode.c.objc; path = movieCollectionViewCell.m; sourceTree = "<group>"; };
		13146BC71F3DDEF0003F00BA /* BaseViewController.m */ = {isa = PBXFileReference; fileEncoding = 4; lastKnownFileType = sourcecode.c.objc; path = BaseViewController.m; sourceTree = "<group>"; };
		13146BC81F3DDEF0003F00BA /* BaseViewController.h */ = {isa = PBXFileReference; fileEncoding = 4; lastKnownFileType = sourcecode.c.h; path = BaseViewController.h; sourceTree = "<group>"; };
		13146BCA1F3E2203003F00BA /* WebServiceHelper.m */ = {isa = PBXFileReference; fileEncoding = 4; lastKnownFileType = sourcecode.c.objc; path = WebServiceHelper.m; sourceTree = "<group>"; };
		13146BCB1F3E2203003F00BA /* WebServiceHelper.h */ = {isa = PBXFileReference; fileEncoding = 4; lastKnownFileType = sourcecode.c.h; path = WebServiceHelper.h; sourceTree = "<group>"; };
		13146BCD1F3E2A03003F00BA /* MovieDB.h */ = {isa = PBXFileReference; fileEncoding = 4; lastKnownFileType = sourcecode.c.h; path = MovieDB.h; sourceTree = "<group>"; };
		13146BD01F3E2F4B003F00BA /* Constants.h */ = {isa = PBXFileReference; fileEncoding = 4; lastKnownFileType = sourcecode.c.h; path = Constants.h; sourceTree = "<group>"; };
		13146BD11F3E2F4B003F00BA /* Constants.m */ = {isa = PBXFileReference; fileEncoding = 4; lastKnownFileType = sourcecode.c.objc; path = Constants.m; sourceTree = "<group>"; };
		13146BD31F3E364A003F00BA /* MovieDB.m */ = {isa = PBXFileReference; fileEncoding = 4; lastKnownFileType = sourcecode.c.objc; path = MovieDB.m; sourceTree = "<group>"; };
		139201631F3F3F8D0051A81A /* movieDetailViewController.h */ = {isa = PBXFileReference; fileEncoding = 4; lastKnownFileType = sourcecode.c.h; path = movieDetailViewController.h; sourceTree = "<group>"; };
		139201641F3F3F8D0051A81A /* movieDetailViewController.m */ = {isa = PBXFileReference; fileEncoding = 4; lastKnownFileType = sourcecode.c.objc; path = movieDetailViewController.m; sourceTree = "<group>"; };
		4128E5E61D8CFC8ACDC5C70B /* Pods-movieApp.debug.xcconfig */ = {isa = PBXFileReference; includeInIndex = 1; lastKnownFileType = text.xcconfig; name = "Pods-movieApp.debug.xcconfig"; path = "Pods/Target Support Files/Pods-movieApp/Pods-movieApp.debug.xcconfig"; sourceTree = "<group>"; };
		4366185D370DACF35206CC62 /* libPods-movieApp.a */ = {isa = PBXFileReference; explicitFileType = archive.ar; includeInIndex = 0; path = "libPods-movieApp.a"; sourceTree = BUILT_PRODUCTS_DIR; };
		99863DF91F41DA7F00ADEEBD /* Reachability.h */ = {isa = PBXFileReference; fileEncoding = 4; lastKnownFileType = sourcecode.c.h; path = Reachability.h; sourceTree = "<group>"; };
		99863DFA1F41DA7F00ADEEBD /* Reachability.m */ = {isa = PBXFileReference; fileEncoding = 4; lastKnownFileType = sourcecode.c.objc; path = Reachability.m; sourceTree = "<group>"; };
		AC4B7C0C9A01720797E98E35 /* Pods-movieApp.release.xcconfig */ = {isa = PBXFileReference; includeInIndex = 1; lastKnownFileType = text.xcconfig; name = "Pods-movieApp.release.xcconfig"; path = "Pods/Target Support Files/Pods-movieApp/Pods-movieApp.release.xcconfig"; sourceTree = "<group>"; };
/* End PBXFileReference section */

/* Begin PBXFrameworksBuildPhase section */
		13146B561F3CBB75003F00BA /* Frameworks */ = {
			isa = PBXFrameworksBuildPhase;
			buildActionMask = 2147483647;
			files = (
				AA555C8DE31A3AEF37A4F92B /* libPods-movieApp.a in Frameworks */,
			);
			runOnlyForDeploymentPostprocessing = 0;
		};
/* End PBXFrameworksBuildPhase section */

/* Begin PBXGroup section */
		13146B501F3CBB75003F00BA = {
			isa = PBXGroup;
			children = (
				BD0D19AF87E24BB23F798190 /* Frameworks */,
				771477411B8BEB0B6FC2F8B1 /* Pods */,
				13146B5A1F3CBB75003F00BA /* Products */,
				13146B5B1F3CBB75003F00BA /* movieApp */,
			);
			sourceTree = "<group>";
		};
		13146B5A1F3CBB75003F00BA /* Products */ = {
			isa = PBXGroup;
			children = (
				13146B591F3CBB75003F00BA /* movieApp.app */,
			);
			name = Products;
			sourceTree = "<group>";
		};
		13146B5B1F3CBB75003F00BA /* movieApp */ = {
			isa = PBXGroup;
			children = (
				13146BBE1F3DD962003F00BA /* AppDelegate */,
				99863DFE1F41E44F00ADEEBD /* BaseViewController */,
				13146BBD1F3DD955003F00BA /* Constants */,
				99863E001F41E48000ADEEBD /* CustomObject */,
				13146BBC1F3DD92C003F00BA /* CustomViews */,
				13146BC31F3DDB15003F00BA /* HomeVC */,
				13146B5C1F3CBB75003F00BA /* Supporting Files */,
				99863DFC1F41E43700ADEEBD /* Webservice helper */,
				99863E011F41E49100ADEEBD /* movieDetailsViewController */,
				13146B681F3CBB76003F00BA /* Assets.xcassets */,
				13146B6D1F3CBB76003F00BA /* Info.plist */,
				13146B6A1F3CBB76003F00BA /* LaunchScreen.storyboard */,
				13146B7C1F3CC2CF003F00BA /* Localizable.strings */,
				13146B651F3CBB76003F00BA /* Main.storyboard */,
			);
			path = movieApp;
			sourceTree = "<group>";
		};
		13146B5C1F3CBB75003F00BA /* Supporting Files */ = {
			isa = PBXGroup;
			children = (
				13146B5D1F3CBB75003F00BA /* main.m */,
			);
			path = "Supporting Files";
			sourceTree = "<group>";
		};
		13146BBA1F3DD8FC003F00BA /* CustomTextFields */ = {
			isa = PBXGroup;
			children = (
				13146BAD1F3DD13B003F00BA /* BlueBorderedTextField.h */,
				13146BAE1F3DD13B003F00BA /* BlueBorderedTextField.m */,
			);
			path = CustomTextFields;
			sourceTree = "<group>";
		};
		13146BBB1F3DD919003F00BA /* CustomButton */ = {
			isa = PBXGroup;
			children = (
				13146BB41F3DD4E7003F00BA /* RoundedButton.h */,
				13146BB51F3DD4E7003F00BA /* RoundedButton.m */,
			);
			path = CustomButton;
			sourceTree = "<group>";
		};
		13146BBC1F3DD92C003F00BA /* CustomViews */ = {
			isa = PBXGroup;
			children = (
				13146BBB1F3DD919003F00BA /* CustomButton */,
				13146BBA1F3DD8FC003F00BA /* CustomTextFields */,
			);
			path = CustomViews;
			sourceTree = "<group>";
		};
		13146BBD1F3DD955003F00BA /* Constants */ = {
			isa = PBXGroup;
			children = (
				13146BB01F3DD32D003F00BA /* Colors.h */,
				13146BD01F3E2F4B003F00BA /* Constants.h */,
				13146BD11F3E2F4B003F00BA /* Constants.m */,
				13146BB31F3DD3B6003F00BA /* PrefixHeader.pch */,
			);
			path = Constants;
			sourceTree = "<group>";
		};
		13146BBE1F3DD962003F00BA /* AppDelegate */ = {
			isa = PBXGroup;
			children = (
				13146B5F1F3CBB76003F00BA /* AppDelegate.h */,
				13146B601F3CBB76003F00BA /* AppDelegate.m */,
			);
			path = AppDelegate;
			sourceTree = "<group>";
		};
		13146BC31F3DDB15003F00BA /* HomeVC */ = {
			isa = PBXGroup;
			children = (
				13146BB71F3DD8C5003F00BA /* HomeViewController.h */,
				13146BB81F3DD8C5003F00BA /* HomeViewController.m */,
				13146BC41F3DDB6E003F00BA /* movieCollectionViewCell.h */,
				13146BC51F3DDB6E003F00BA /* movieCollectionViewCell.m */,
			);
			path = HomeVC;
			sourceTree = "<group>";
		};
		771477411B8BEB0B6FC2F8B1 /* Pods */ = {
			isa = PBXGroup;
			children = (
				4128E5E61D8CFC8ACDC5C70B /* Pods-movieApp.debug.xcconfig */,
				AC4B7C0C9A01720797E98E35 /* Pods-movieApp.release.xcconfig */,
			);
			name = Pods;
			sourceTree = "<group>";
		};
		99863DFC1F41E43700ADEEBD /* Webservice helper */ = {
			isa = PBXGroup;
			children = (
				99863DFF1F41E46800ADEEBD /* Reachability */,
				13146BCB1F3E2203003F00BA /* WebServiceHelper.h */,
				13146BCA1F3E2203003F00BA /* WebServiceHelper.m */,
			);
			path = "Webservice helper";
			sourceTree = "<group>";
		};
		99863DFE1F41E44F00ADEEBD /* BaseViewController */ = {
			isa = PBXGroup;
			children = (
				13146BC81F3DDEF0003F00BA /* BaseViewController.h */,
				13146BC71F3DDEF0003F00BA /* BaseViewController.m */,
			);
			path = BaseViewController;
			sourceTree = "<group>";
		};
		99863DFF1F41E46800ADEEBD /* Reachability */ = {
			isa = PBXGroup;
			children = (
				99863DF91F41DA7F00ADEEBD /* Reachability.h */,
				99863DFA1F41DA7F00ADEEBD /* Reachability.m */,
			);
			path = Reachability;
			sourceTree = "<group>";
		};
		99863E001F41E48000ADEEBD /* CustomObject */ = {
			isa = PBXGroup;
			children = (
				13146BCD1F3E2A03003F00BA /* MovieDB.h */,
				13146BD31F3E364A003F00BA /* MovieDB.m */,
			);
			path = CustomObject;
			sourceTree = "<group>";
		};
		99863E011F41E49100ADEEBD /* movieDetailsViewController */ = {
			isa = PBXGroup;
			children = (
				139201631F3F3F8D0051A81A /* movieDetailViewController.h */,
				139201641F3F3F8D0051A81A /* movieDetailViewController.m */,
			);
			path = movieDetailsViewController;
			sourceTree = "<group>";
		};
		BD0D19AF87E24BB23F798190 /* Frameworks */ = {
			isa = PBXGroup;
			children = (
				4366185D370DACF35206CC62 /* libPods-movieApp.a */,
			);
			name = Frameworks;
			sourceTree = "<group>";
		};
/* End PBXGroup section */

/* Begin PBXNativeTarget section */
		13146B581F3CBB75003F00BA /* movieApp */ = {
			isa = PBXNativeTarget;
			buildConfigurationList = 13146B701F3CBB76003F00BA /* Build configuration list for PBXNativeTarget "movieApp" */;
			buildPhases = (
				31F61BD8A0BBD3D17795A219 /* [CP] Check Pods Manifest.lock */,
				13146B551F3CBB75003F00BA /* Sources */,
				13146B561F3CBB75003F00BA /* Frameworks */,
				13146B571F3CBB75003F00BA /* Resources */,
				FB31D969709F3A681886CF76 /* [CP] Embed Pods Frameworks */,
				9ACEAB6194EABAC293FB8288 /* [CP] Copy Pods Resources */,
			);
			buildRules = (
			);
			dependencies = (
			);
			name = movieApp;
			productName = movieApp;
			productReference = 13146B591F3CBB75003F00BA /* movieApp.app */;
			productType = "com.apple.product-type.application";
		};
/* End PBXNativeTarget section */

/* Begin PBXProject section */
		13146B511F3CBB75003F00BA /* Project object */ = {
			isa = PBXProject;
			attributes = {
				LastUpgradeCheck = 0830;
				ORGANIZATIONNAME = Manish;
				TargetAttributes = {
					13146B581F3CBB75003F00BA = {
						CreatedOnToolsVersion = 8.3.3;
						DevelopmentTeam = NYKXF25YUY;
						ProvisioningStyle = Automatic;
					};
				};
			};
			buildConfigurationList = 13146B541F3CBB75003F00BA /* Build configuration list for PBXProject "movieApp" */;
			compatibilityVersion = "Xcode 3.2";
			developmentRegion = English;
			hasScannedForEncodings = 0;
			knownRegions = (
				en,
				Base,
			);
			mainGroup = 13146B501F3CBB75003F00BA;
			productRefGroup = 13146B5A1F3CBB75003F00BA /* Products */;
			projectDirPath = "";
			projectRoot = "";
			targets = (
				13146B581F3CBB75003F00BA /* movieApp */,
			);
		};
/* End PBXProject section */

/* Begin PBXResourcesBuildPhase section */
		13146B571F3CBB75003F00BA /* Resources */ = {
			isa = PBXResourcesBuildPhase;
			buildActionMask = 2147483647;
			files = (
				13146B6C1F3CBB76003F00BA /* LaunchScreen.storyboard in Resources */,
				13146B7A1F3CC2CF003F00BA /* Localizable.strings in Resources */,
				13146B691F3CBB76003F00BA /* Assets.xcassets in Resources */,
				13146B671F3CBB76003F00BA /* Main.storyboard in Resources */,
			);
			runOnlyForDeploymentPostprocessing = 0;
		};
/* End PBXResourcesBuildPhase section */

/* Begin PBXShellScriptBuildPhase section */
		31F61BD8A0BBD3D17795A219 /* [CP] Check Pods Manifest.lock */ = {
			isa = PBXShellScriptBuildPhase;
			buildActionMask = 2147483647;
			files = (
			);
			inputPaths = (
				"${PODS_PODFILE_DIR_PATH}/Podfile.lock",
				"${PODS_ROOT}/Manifest.lock",
			);
			name = "[CP] Check Pods Manifest.lock";
			outputPaths = (
				"$(DERIVED_FILE_DIR)/Pods-movieApp-checkManifestLockResult.txt",
			);
			runOnlyForDeploymentPostprocessing = 0;
			shellPath = /bin/sh;
			shellScript = "diff \"${PODS_ROOT}/../Podfile.lock\" \"${PODS_ROOT}/Manifest.lock\" > /dev/null\nif [[ $? != 0 ]] ; then\n    cat << EOM\nerror: The sandbox is not in sync with the Podfile.lock. Run 'pod install' or update your CocoaPods installation.\nEOM\n    exit 1\nfi\n";
			showEnvVarsInLog = 0;
		};
		9ACEAB6194EABAC293FB8288 /* [CP] Copy Pods Resources */ = {
			isa = PBXShellScriptBuildPhase;
			buildActionMask = 2147483647;
			files = (
			);
			inputPaths = (
				"${SRCROOT}/Pods/Target Support Files/Pods-movieApp/Pods-movieApp-resources.sh",
				"${PODS_ROOT}/SVProgressHUD/SVProgressHUD/SVProgressHUD.bundle",
			);
			name = "[CP] Copy Pods Resources";
			outputPaths = (
				"${TARGET_BUILD_DIR}/${UNLOCALIZED_RESOURCES_FOLDER_PATH}",
			);
			runOnlyForDeploymentPostprocessing = 0;
			shellPath = /bin/sh;
			shellScript = "\"${SRCROOT}/Pods/Target Support Files/Pods-movieApp/Pods-movieApp-resources.sh\"\n";
			showEnvVarsInLog = 0;
		};
		FB31D969709F3A681886CF76 /* [CP] Embed Pods Frameworks */ = {
			isa = PBXShellScriptBuildPhase;
			buildActionMask = 2147483647;
			files = (
			);
			inputPaths = (
				"${SRCROOT}/Pods/Target Support Files/Pods-movieApp/Pods-movieApp-frameworks.sh",
				"${BUILT_PRODUCTS_DIR}/Canvas/Canvas.framework",
				"${BUILT_PRODUCTS_DIR}/SDWebImage/SDWebImage.framework",
				"${BUILT_PRODUCTS_DIR}/SVProgressHUD/SVProgressHUD.framework",
				"${BUILT_PRODUCTS_DIR}/StarryStars/StarryStars.framework",
			);
			name = "[CP] Embed Pods Frameworks";
			outputPaths = (
				"${TARGET_BUILD_DIR}/${FRAMEWORKS_FOLDER_PATH}/Canvas.framework",
				"${TARGET_BUILD_DIR}/${FRAMEWORKS_FOLDER_PATH}/SDWebImage.framework",
				"${TARGET_BUILD_DIR}/${FRAMEWORKS_FOLDER_PATH}/SVProgressHUD.framework",
				"${TARGET_BUILD_DIR}/${FRAMEWORKS_FOLDER_PATH}/StarryStars.framework",
			);
			runOnlyForDeploymentPostprocessing = 0;
			shellPath = /bin/sh;
			shellScript = "\"${SRCROOT}/Pods/Target Support Files/Pods-movieApp/Pods-movieApp-frameworks.sh\"\n";
			showEnvVarsInLog = 0;
		};
/* End PBXShellScriptBuildPhase section */

/* Begin PBXSourcesBuildPhase section */
		13146B551F3CBB75003F00BA /* Sources */ = {
			isa = PBXSourcesBuildPhase;
			buildActionMask = 2147483647;
			files = (
				13146BC61F3DDB6E003F00BA /* movieCollectionViewCell.m in Sources */,
				13146BC91F3DDEF0003F00BA /* BaseViewController.m in Sources */,
				13146BCC1F3E2203003F00BA /* WebServiceHelper.m in Sources */,
				99863DFB1F41DA7F00ADEEBD /* Reachability.m in Sources */,
				13146BAF1F3DD13B003F00BA /* BlueBorderedTextField.m in Sources */,
				139201651F3F3F8D0051A81A /* movieDetailViewController.m in Sources */,
				13146BB91F3DD8C5003F00BA /* HomeViewController.m in Sources */,
				13146B611F3CBB76003F00BA /* AppDelegate.m in Sources */,
				13146B5E1F3CBB76003F00BA /* main.m in Sources */,
				13146BB61F3DD4E7003F00BA /* RoundedButton.m in Sources */,
				13146BD41F3E364A003F00BA /* MovieDB.m in Sources */,
				13146BD21F3E2F4B003F00BA /* Constants.m in Sources */,
			);
			runOnlyForDeploymentPostprocessing = 0;
		};
/* End PBXSourcesBuildPhase section */

/* Begin PBXVariantGroup section */
		13146B651F3CBB76003F00BA /* Main.storyboard */ = {
			isa = PBXVariantGroup;
			children = (
				13146B661F3CBB76003F00BA /* Base */,
			);
			name = Main.storyboard;
			path = .;
			sourceTree = "<group>";
		};
		13146B6A1F3CBB76003F00BA /* LaunchScreen.storyboard */ = {
			isa = PBXVariantGroup;
			children = (
				13146B6B1F3CBB76003F00BA /* Base */,
			);
			name = LaunchScreen.storyboard;
			path = .;
			sourceTree = "<group>";
		};
		13146B7C1F3CC2CF003F00BA /* Localizable.strings */ = {
			isa = PBXVariantGroup;
			children = (
				13146B7B1F3CC2CF003F00BA /* en */,
			);
			name = Localizable.strings;
			path = .;
			sourceTree = "<group>";
		};
/* End PBXVariantGroup section */

/* Begin XCBuildConfiguration section */
		13146B6E1F3CBB76003F00BA /* Debug */ = {
			isa = XCBuildConfiguration;
			buildSettings = {
				ALWAYS_SEARCH_USER_PATHS = NO;
				CLANG_ANALYZER_NONNULL = YES;
				CLANG_ANALYZER_NUMBER_OBJECT_CONVERSION = YES_AGGRESSIVE;
				CLANG_CXX_LANGUAGE_STANDARD = "gnu++0x";
				CLANG_CXX_LIBRARY = "libc++";
				CLANG_ENABLE_MODULES = YES;
				CLANG_ENABLE_OBJC_ARC = YES;
				CLANG_WARN_BOOL_CONVERSION = YES;
				CLANG_WARN_CONSTANT_CONVERSION = YES;
				CLANG_WARN_DIRECT_OBJC_ISA_USAGE = YES_ERROR;
				CLANG_WARN_DOCUMENTATION_COMMENTS = YES;
				CLANG_WARN_EMPTY_BODY = YES;
				CLANG_WARN_ENUM_CONVERSION = YES;
				CLANG_WARN_INFINITE_RECURSION = YES;
				CLANG_WARN_INT_CONVERSION = YES;
				CLANG_WARN_OBJC_ROOT_CLASS = YES_ERROR;
				CLANG_WARN_SUSPICIOUS_MOVE = YES;
				CLANG_WARN_UNREACHABLE_CODE = YES;
				CLANG_WARN__DUPLICATE_METHOD_MATCH = YES;
				"CODE_SIGN_IDENTITY[sdk=iphoneos*]" = "iPhone Developer";
				COPY_PHASE_STRIP = NO;
				DEBUG_INFORMATION_FORMAT = dwarf;
				ENABLE_STRICT_OBJC_MSGSEND = YES;
				ENABLE_TESTABILITY = YES;
				GCC_C_LANGUAGE_STANDARD = gnu99;
				GCC_DYNAMIC_NO_PIC = NO;
				GCC_NO_COMMON_BLOCKS = YES;
				GCC_OPTIMIZATION_LEVEL = 0;
				GCC_PREPROCESSOR_DEFINITIONS = (
					"DEBUG=1",
					"$(inherited)",
				);
				GCC_WARN_64_TO_32_BIT_CONVERSION = YES;
				GCC_WARN_ABOUT_RETURN_TYPE = YES_ERROR;
				GCC_WARN_UNDECLARED_SELECTOR = YES;
				GCC_WARN_UNINITIALIZED_AUTOS = YES_AGGRESSIVE;
				GCC_WARN_UNUSED_FUNCTION = YES;
				GCC_WARN_UNUSED_VARIABLE = YES;
				IPHONEOS_DEPLOYMENT_TARGET = 10.3;
				MTL_ENABLE_DEBUG_INFO = YES;
				ONLY_ACTIVE_ARCH = YES;
				SDKROOT = iphoneos;
				TARGETED_DEVICE_FAMILY = "1,2";
			};
			name = Debug;
		};
		13146B6F1F3CBB76003F00BA /* Release */ = {
			isa = XCBuildConfiguration;
			buildSettings = {
				ALWAYS_SEARCH_USER_PATHS = NO;
				CLANG_ANALYZER_NONNULL = YES;
				CLANG_ANALYZER_NUMBER_OBJECT_CONVERSION = YES_AGGRESSIVE;
				CLANG_CXX_LANGUAGE_STANDARD = "gnu++0x";
				CLANG_CXX_LIBRARY = "libc++";
				CLANG_ENABLE_MODULES = YES;
				CLANG_ENABLE_OBJC_ARC = YES;
				CLANG_WARN_BOOL_CONVERSION = YES;
				CLANG_WARN_CONSTANT_CONVERSION = YES;
				CLANG_WARN_DIRECT_OBJC_ISA_USAGE = YES_ERROR;
				CLANG_WARN_DOCUMENTATION_COMMENTS = YES;
				CLANG_WARN_EMPTY_BODY = YES;
				CLANG_WARN_ENUM_CONVERSION = YES;
				CLANG_WARN_INFINITE_RECURSION = YES;
				CLANG_WARN_INT_CONVERSION = YES;
				CLANG_WARN_OBJC_ROOT_CLASS = YES_ERROR;
				CLANG_WARN_SUSPICIOUS_MOVE = YES;
				CLANG_WARN_UNREACHABLE_CODE = YES;
				CLANG_WARN__DUPLICATE_METHOD_MATCH = YES;
				"CODE_SIGN_IDENTITY[sdk=iphoneos*]" = "iPhone Developer";
				COPY_PHASE_STRIP = NO;
				DEBUG_INFORMATION_FORMAT = "dwarf-with-dsym";
				ENABLE_NS_ASSERTIONS = NO;
				ENABLE_STRICT_OBJC_MSGSEND = YES;
				GCC_C_LANGUAGE_STANDARD = gnu99;
				GCC_NO_COMMON_BLOCKS = YES;
				GCC_WARN_64_TO_32_BIT_CONVERSION = YES;
				GCC_WARN_ABOUT_RETURN_TYPE = YES_ERROR;
				GCC_WARN_UNDECLARED_SELECTOR = YES;
				GCC_WARN_UNINITIALIZED_AUTOS = YES_AGGRESSIVE;
				GCC_WARN_UNUSED_FUNCTION = YES;
				GCC_WARN_UNUSED_VARIABLE = YES;
				IPHONEOS_DEPLOYMENT_TARGET = 10.3;
				MTL_ENABLE_DEBUG_INFO = NO;
				SDKROOT = iphoneos;
				TARGETED_DEVICE_FAMILY = "1,2";
				VALIDATE_PRODUCT = YES;
			};
			name = Release;
		};
		13146B711F3CBB76003F00BA /* Debug */ = {
			isa = XCBuildConfiguration;
			baseConfigurationReference = 4128E5E61D8CFC8ACDC5C70B /* Pods-movieApp.debug.xcconfig */;
			buildSettings = {
				ASSETCATALOG_COMPILER_APPICON_NAME = AppIcon;
				DEVELOPMENT_TEAM = NYKXF25YUY;
				GCC_PREFIX_HEADER = movieApp/Constants/PrefixHeader.pch;
				INFOPLIST_FILE = movieApp/Info.plist;
				IPHONEOS_DEPLOYMENT_TARGET = 10.2;
				LD_RUNPATH_SEARCH_PATHS = "$(inherited) @executable_path/Frameworks";
				PRODUCT_BUNDLE_IDENTIFIER = com.practice.movieDB.movieApp;
				PRODUCT_NAME = "$(TARGET_NAME)";
			};
			name = Debug;
		};
		13146B721F3CBB76003F00BA /* Release */ = {
			isa = XCBuildConfiguration;
			baseConfigurationReference = AC4B7C0C9A01720797E98E35 /* Pods-movieApp.release.xcconfig */;
			buildSettings = {
				ASSETCATALOG_COMPILER_APPICON_NAME = AppIcon;
				DEVELOPMENT_TEAM = NYKXF25YUY;
				GCC_PREFIX_HEADER = movieApp/Constants/PrefixHeader.pch;
				INFOPLIST_FILE = movieApp/Info.plist;
				IPHONEOS_DEPLOYMENT_TARGET = 10.2;
				LD_RUNPATH_SEARCH_PATHS = "$(inherited) @executable_path/Frameworks";
				PRODUCT_BUNDLE_IDENTIFIER = com.practice.movieDB.movieApp;
				PRODUCT_NAME = "$(TARGET_NAME)";
			};
			name = Release;
		};
/* End XCBuildConfiguration section */

/* Begin XCConfigurationList section */
		13146B541F3CBB75003F00BA /* Build configuration list for PBXProject "movieApp" */ = {
			isa = XCConfigurationList;
			buildConfigurations = (
				13146B6E1F3CBB76003F00BA /* Debug */,
				13146B6F1F3CBB76003F00BA /* Release */,
			);
			defaultConfigurationIsVisible = 0;
			defaultConfigurationName = Release;
		};
		13146B701F3CBB76003F00BA /* Build configuration list for PBXNativeTarget "movieApp" */ = {
			isa = XCConfigurationList;
			buildConfigurations = (
				13146B711F3CBB76003F00BA /* Debug */,
				13146B721F3CBB76003F00BA /* Release */,
			);
			defaultConfigurationIsVisible = 0;
			defaultConfigurationName = Release;
		};
/* End XCConfigurationList section */
	};
	rootObject = 13146B511F3CBB75003F00BA /* Project object */;
}
